// !$*UTF8*$!
{
	archiveVersion = 1;
	classes = {
	};
	objectVersion = 55;
	objects = {

/* Begin PBXBuildFile section */
		CC4F57852797F09F00BE074C /* FruitCardView.swift in Sources */ = {isa = PBXBuildFile; fileRef = CC4F57842797F09F00BE074C /* FruitCardView.swift */; };
		CC4F57872797F38500BE074C /* StartButtonView.swift in Sources */ = {isa = PBXBuildFile; fileRef = CC4F57862797F38500BE074C /* StartButtonView.swift */; };
		CC4F578A2797F56B00BE074C /* OnboardingView.swift in Sources */ = {isa = PBXBuildFile; fileRef = CC4F57892797F56B00BE074C /* OnboardingView.swift */; };
		CC4F578D2797F6A700BE074C /* FruitModel.swift in Sources */ = {isa = PBXBuildFile; fileRef = CC4F578C2797F6A700BE074C /* FruitModel.swift */; };
		CC4F57902797F73600BE074C /* FruitData.swift in Sources */ = {isa = PBXBuildFile; fileRef = CC4F578F2797F73600BE074C /* FruitData.swift */; };
		CC4F57922797FCE100BE074C /* FruitRowView.swift in Sources */ = {isa = PBXBuildFile; fileRef = CC4F57912797FCE100BE074C /* FruitRowView.swift */; };
		CC4F57942798A93700BE074C /* FruitDetailView.swift in Sources */ = {isa = PBXBuildFile; fileRef = CC4F57932798A93600BE074C /* FruitDetailView.swift */; };
		CC4F57962798AB6B00BE074C /* FruitHeaderView.swift in Sources */ = {isa = PBXBuildFile; fileRef = CC4F57952798AB6B00BE074C /* FruitHeaderView.swift */; };
		CC4F57982798AD1000BE074C /* SourceLinkView.swift in Sources */ = {isa = PBXBuildFile; fileRef = CC4F57972798AD1000BE074C /* SourceLinkView.swift */; };
		CC4F579A2798AE6400BE074C /* FruitNutrientsView.swift in Sources */ = {isa = PBXBuildFile; fileRef = CC4F57992798AE6400BE074C /* FruitNutrientsView.swift */; };
		CC4F579C2798B13B00BE074C /* SettingsView.swift in Sources */ = {isa = PBXBuildFile; fileRef = CC4F579B2798B13B00BE074C /* SettingsView.swift */; };
		CC4F579E2798B44D00BE074C /* SettingsLabelView.swift in Sources */ = {isa = PBXBuildFile; fileRef = CC4F579D2798B44D00BE074C /* SettingsLabelView.swift */; };
		CC4F57A02798B6AC00BE074C /* SettingsRowView.swift in Sources */ = {isa = PBXBuildFile; fileRef = CC4F579F2798B6AC00BE074C /* SettingsRowView.swift */; };
		CCB9DDED279337190005375A /* FruitsApp.swift in Sources */ = {isa = PBXBuildFile; fileRef = CCB9DDEC279337190005375A /* FruitsApp.swift */; };
		CCB9DDEF279337190005375A /* ContentView.swift in Sources */ = {isa = PBXBuildFile; fileRef = CCB9DDEE279337190005375A /* ContentView.swift */; };
		CCB9DDF12793371B0005375A /* Assets.xcassets in Resources */ = {isa = PBXBuildFile; fileRef = CCB9DDF02793371B0005375A /* Assets.xcassets */; };
		CCB9DDF42793371B0005375A /* Preview Assets.xcassets in Resources */ = {isa = PBXBuildFile; fileRef = CCB9DDF32793371B0005375A /* Preview Assets.xcassets */; };
/* End PBXBuildFile section */

/* Begin PBXFileReference section */
		CC4F57842797F09F00BE074C /* FruitCardView.swift */ = {isa = PBXFileReference; lastKnownFileType = sourcecode.swift; path = FruitCardView.swift; sourceTree = "<group>"; };
		CC4F57862797F38500BE074C /* StartButtonView.swift */ = {isa = PBXFileReference; lastKnownFileType = sourcecode.swift; path = StartButtonView.swift; sourceTree = "<group>"; };
		CC4F57892797F56B00BE074C /* OnboardingView.swift */ = {isa = PBXFileReference; lastKnownFileType = sourcecode.swift; path = OnboardingView.swift; sourceTree = "<group>"; };
		CC4F578C2797F6A700BE074C /* FruitModel.swift */ = {isa = PBXFileReference; lastKnownFileType = sourcecode.swift; path = FruitModel.swift; sourceTree = "<group>"; };
		CC4F578F2797F73600BE074C /* FruitData.swift */ = {isa = PBXFileReference; lastKnownFileType = sourcecode.swift; path = FruitData.swift; sourceTree = "<group>"; };
		CC4F57912797FCE100BE074C /* FruitRowView.swift */ = {isa = PBXFileReference; lastKnownFileType = sourcecode.swift; path = FruitRowView.swift; sourceTree = "<group>"; };
		CC4F57932798A93600BE074C /* FruitDetailView.swift */ = {isa = PBXFileReference; lastKnownFileType = sourcecode.swift; path = FruitDetailView.swift; sourceTree = "<group>"; };
		CC4F57952798AB6B00BE074C /* FruitHeaderView.swift */ = {isa = PBXFileReference; lastKnownFileType = sourcecode.swift; path = FruitHeaderView.swift; sourceTree = "<group>"; };
		CC4F57972798AD1000BE074C /* SourceLinkView.swift */ = {isa = PBXFileReference; lastKnownFileType = sourcecode.swift; path = SourceLinkView.swift; sourceTree = "<group>"; };
		CC4F57992798AE6400BE074C /* FruitNutrientsView.swift */ = {isa = PBXFileReference; lastKnownFileType = sourcecode.swift; path = FruitNutrientsView.swift; sourceTree = "<group>"; };
		CC4F579B2798B13B00BE074C /* SettingsView.swift */ = {isa = PBXFileReference; lastKnownFileType = sourcecode.swift; path = SettingsView.swift; sourceTree = "<group>"; };
		CC4F579D2798B44D00BE074C /* SettingsLabelView.swift */ = {isa = PBXFileReference; lastKnownFileType = sourcecode.swift; path = SettingsLabelView.swift; sourceTree = "<group>"; };
		CC4F579F2798B6AC00BE074C /* SettingsRowView.swift */ = {isa = PBXFileReference; lastKnownFileType = sourcecode.swift; path = SettingsRowView.swift; sourceTree = "<group>"; };
		CCB9DDE9279337190005375A /* Fruits.app */ = {isa = PBXFileReference; explicitFileType = wrapper.application; includeInIndex = 0; path = Fruits.app; sourceTree = BUILT_PRODUCTS_DIR; };
		CCB9DDEC279337190005375A /* FruitsApp.swift */ = {isa = PBXFileReference; lastKnownFileType = sourcecode.swift; path = FruitsApp.swift; sourceTree = "<group>"; };
		CCB9DDEE279337190005375A /* ContentView.swift */ = {isa = PBXFileReference; lastKnownFileType = sourcecode.swift; path = ContentView.swift; sourceTree = "<group>"; };
		CCB9DDF02793371B0005375A /* Assets.xcassets */ = {isa = PBXFileReference; lastKnownFileType = folder.assetcatalog; path = Assets.xcassets; sourceTree = "<group>"; };
		CCB9DDF32793371B0005375A /* Preview Assets.xcassets */ = {isa = PBXFileReference; lastKnownFileType = folder.assetcatalog; path = "Preview Assets.xcassets"; sourceTree = "<group>"; };
/* End PBXFileReference section */

/* Begin PBXFrameworksBuildPhase section */
		CCB9DDE6279337190005375A /* Frameworks */ = {
			isa = PBXFrameworksBuildPhase;
			buildActionMask = 2147483647;
			files = (
			);
			runOnlyForDeploymentPostprocessing = 0;
		};
/* End PBXFrameworksBuildPhase section */

/* Begin PBXGroup section */
		CC4F57822797F06100BE074C /* App */ = {
			isa = PBXGroup;
			children = (
				CCB9DDEC279337190005375A /* FruitsApp.swift */,
				CCB9DDEE279337190005375A /* ContentView.swift */,
				CC4F57892797F56B00BE074C /* OnboardingView.swift */,
			);
			path = App;
			sourceTree = "<group>";
		};
		CC4F57832797F08400BE074C /* View */ = {
			isa = PBXGroup;
			children = (
				CC4F57842797F09F00BE074C /* FruitCardView.swift */,
				CC4F57862797F38500BE074C /* StartButtonView.swift */,
				CC4F57912797FCE100BE074C /* FruitRowView.swift */,
				CC4F57932798A93600BE074C /* FruitDetailView.swift */,
				CC4F57952798AB6B00BE074C /* FruitHeaderView.swift */,
				CC4F57972798AD1000BE074C /* SourceLinkView.swift */,
				CC4F579B2798B13B00BE074C /* SettingsView.swift */,
				CC4F579F2798B6AC00BE074C /* SettingsRowView.swift */,
				CC4F579D2798B44D00BE074C /* SettingsLabelView.swift */,
				CC4F57992798AE6400BE074C /* FruitNutrientsView.swift */,
			);
			path = View;
			sourceTree = "<group>";
		};
		CC4F578B2797F69600BE074C /* Model */ = {
			isa = PBXGroup;
			children = (
				CC4F578C2797F6A700BE074C /* FruitModel.swift */,
			);
			path = Model;
			sourceTree = "<group>";
		};
		CC4F578E2797F72A00BE074C /* Data */ = {
			isa = PBXGroup;
			children = (
				CC4F578F2797F73600BE074C /* FruitData.swift */,
			);
			path = Data;
			sourceTree = "<group>";
		};
		CCB9DDE0279337190005375A = {
			isa = PBXGroup;
			children = (
				CCB9DDEB279337190005375A /* Fruits */,
				CCB9DDEA279337190005375A /* Products */,
			);
			sourceTree = "<group>";
		};
		CCB9DDEA279337190005375A /* Products */ = {
			isa = PBXGroup;
			children = (
				CCB9DDE9279337190005375A /* Fruits.app */,
			);
			name = Products;
			sourceTree = "<group>";
		};
		CCB9DDEB279337190005375A /* Fruits */ = {
			isa = PBXGroup;
			children = (
				CC4F578E2797F72A00BE074C /* Data */,
				CC4F578B2797F69600BE074C /* Model */,
				CC4F57832797F08400BE074C /* View */,
				CC4F57822797F06100BE074C /* App */,
				CCB9DDF02793371B0005375A /* Assets.xcassets */,
				CCB9DDF22793371B0005375A /* Preview Content */,
			);
			path = Fruits;
			sourceTree = "<group>";
		};
		CCB9DDF22793371B0005375A /* Preview Content */ = {
			isa = PBXGroup;
			children = (
				CCB9DDF32793371B0005375A /* Preview Assets.xcassets */,
			);
			path = "Preview Content";
			sourceTree = "<group>";
		};
/* End PBXGroup section */

/* Begin PBXNativeTarget section */
		CCB9DDE8279337190005375A /* Fruits */ = {
			isa = PBXNativeTarget;
			buildConfigurationList = CCB9DDF72793371B0005375A /* Build configuration list for PBXNativeTarget "Fruits" */;
			buildPhases = (
				CCB9DDE5279337190005375A /* Sources */,
				CCB9DDE6279337190005375A /* Frameworks */,
				CCB9DDE7279337190005375A /* Resources */,
			);
			buildRules = (
			);
			dependencies = (
			);
			name = Fruits;
			productName = Fruits;
			productReference = CCB9DDE9279337190005375A /* Fruits.app */;
			productType = "com.apple.product-type.application";
		};
/* End PBXNativeTarget section */

/* Begin PBXProject section */
		CCB9DDE1279337190005375A /* Project object */ = {
			isa = PBXProject;
			attributes = {
				BuildIndependentTargetsInParallel = 1;
				LastSwiftUpdateCheck = 1320;
				LastUpgradeCheck = 1320;
				TargetAttributes = {
					CCB9DDE8279337190005375A = {
						CreatedOnToolsVersion = 13.2.1;
					};
				};
			};
			buildConfigurationList = CCB9DDE4279337190005375A /* Build configuration list for PBXProject "Fruits" */;
			compatibilityVersion = "Xcode 13.0";
			developmentRegion = en;
			hasScannedForEncodings = 0;
			knownRegions = (
				en,
				Base,
			);
			mainGroup = CCB9DDE0279337190005375A;
			productRefGroup = CCB9DDEA279337190005375A /* Products */;
			projectDirPath = "";
			projectRoot = "";
			targets = (
				CCB9DDE8279337190005375A /* Fruits */,
			);
		};
/* End PBXProject section */

/* Begin PBXResourcesBuildPhase section */
		CCB9DDE7279337190005375A /* Resources */ = {
			isa = PBXResourcesBuildPhase;
			buildActionMask = 2147483647;
			files = (
				CCB9DDF42793371B0005375A /* Preview Assets.xcassets in Resources */,
				CCB9DDF12793371B0005375A /* Assets.xcassets in Resources */,
			);
			runOnlyForDeploymentPostprocessing = 0;
		};
/* End PBXResourcesBuildPhase section */

/* Begin PBXSourcesBuildPhase section */
		CCB9DDE5279337190005375A /* Sources */ = {
			isa = PBXSourcesBuildPhase;
			buildActionMask = 2147483647;
			files = (
				CC4F57902797F73600BE074C /* FruitData.swift in Sources */,
				CC4F57982798AD1000BE074C /* SourceLinkView.swift in Sources */,
				CC4F57A02798B6AC00BE074C /* SettingsRowView.swift in Sources */,
				CC4F57852797F09F00BE074C /* FruitCardView.swift in Sources */,
				CC4F57922797FCE100BE074C /* FruitRowView.swift in Sources */,
				CC4F579A2798AE6400BE074C /* FruitNutrientsView.swift in Sources */,
				CC4F57872797F38500BE074C /* StartButtonView.swift in Sources */,
				CC4F57942798A93700BE074C /* FruitDetailView.swift in Sources */,
				CCB9DDEF279337190005375A /* ContentView.swift in Sources */,
				CC4F57962798AB6B00BE074C /* FruitHeaderView.swift in Sources */,
				CC4F578A2797F56B00BE074C /* OnboardingView.swift in Sources */,
				CC4F579E2798B44D00BE074C /* SettingsLabelView.swift in Sources */,
				CC4F578D2797F6A700BE074C /* FruitModel.swift in Sources */,
				CCB9DDED279337190005375A /* FruitsApp.swift in Sources */,
				CC4F579C2798B13B00BE074C /* SettingsView.swift in Sources */,
			);
			runOnlyForDeploymentPostprocessing = 0;
		};
/* End PBXSourcesBuildPhase section */

/* Begin XCBuildConfiguration section */
		CCB9DDF52793371B0005375A /* Debug */ = {
			isa = XCBuildConfiguration;
			buildSettings = {
				ALWAYS_SEARCH_USER_PATHS = NO;
				CLANG_ANALYZER_NONNULL = YES;
				CLANG_ANALYZER_NUMBER_OBJECT_CONVERSION = YES_AGGRESSIVE;
				CLANG_CXX_LANGUAGE_STANDARD = "gnu++17";
				CLANG_CXX_LIBRARY = "libc++";
				CLANG_ENABLE_MODULES = YES;
				CLANG_ENABLE_OBJC_ARC = YES;
				CLANG_ENABLE_OBJC_WEAK = YES;
				CLANG_WARN_BLOCK_CAPTURE_AUTORELEASING = YES;
				CLANG_WARN_BOOL_CONVERSION = YES;
				CLANG_WARN_COMMA = YES;
				CLANG_WARN_CONSTANT_CONVERSION = YES;
				CLANG_WARN_DEPRECATED_OBJC_IMPLEMENTATIONS = YES;
				CLANG_WARN_DIRECT_OBJC_ISA_USAGE = YES_ERROR;
				CLANG_WARN_DOCUMENTATION_COMMENTS = YES;
				CLANG_WARN_EMPTY_BODY = YES;
				CLANG_WARN_ENUM_CONVERSION = YES;
				CLANG_WARN_INFINITE_RECURSION = YES;
				CLANG_WARN_INT_CONVERSION = YES;
				CLANG_WARN_NON_LITERAL_NULL_CONVERSION = YES;
				CLANG_WARN_OBJC_IMPLICIT_RETAIN_SELF = YES;
				CLANG_WARN_OBJC_LITERAL_CONVERSION = YES;
				CLANG_WARN_OBJC_ROOT_CLASS = YES_ERROR;
				CLANG_WARN_QUOTED_INCLUDE_IN_FRAMEWORK_HEADER = YES;
				CLANG_WARN_RANGE_LOOP_ANALYSIS = YES;
				CLANG_WARN_STRICT_PROTOTYPES = YES;
				CLANG_WARN_SUSPICIOUS_MOVE = YES;
				CLANG_WARN_UNGUARDED_AVAILABILITY = YES_AGGRESSIVE;
				CLANG_WARN_UNREACHABLE_CODE = YES;
				CLANG_WARN__DUPLICATE_METHOD_MATCH = YES;
				COPY_PHASE_STRIP = NO;
				DEBUG_INFORMATION_FORMAT = dwarf;
				ENABLE_STRICT_OBJC_MSGSEND = YES;
				ENABLE_TESTABILITY = YES;
				GCC_C_LANGUAGE_STANDARD = gnu11;
				GCC_DYNAMIC_NO_PIC = NO;
				GCC_NO_COMMON_BLOCKS = YES;
				GCC_OPTIMIZATION_LEVEL = 0;
				GCC_PREPROCESSOR_DEFINITIONS = (
					"DEBUG=1",
					"$(inherited)",
				);
				GCC_WARN_64_TO_32_BIT_CONVERSION = YES;
				GCC_WARN_ABOUT_RETURN_TYPE = YES_ERROR;
				GCC_WARN_UNDECLARED_SELECTOR = YES;
				GCC_WARN_UNINITIALIZED_AUTOS = YES_AGGRESSIVE;
				GCC_WARN_UNUSED_FUNCTION = YES;
				GCC_WARN_UNUSED_VARIABLE = YES;
				IPHONEOS_DEPLOYMENT_TARGET = 15.2;
				MTL_ENABLE_DEBUG_INFO = INCLUDE_SOURCE;
				MTL_FAST_MATH = YES;
				ONLY_ACTIVE_ARCH = YES;
				SDKROOT = iphoneos;
				SWIFT_ACTIVE_COMPILATION_CONDITIONS = DEBUG;
				SWIFT_OPTIMIZATION_LEVEL = "-Onone";
			};
			name = Debug;
		};
		CCB9DDF62793371B0005375A /* Release */ = {
			isa = XCBuildConfiguration;
			buildSettings = {
				ALWAYS_SEARCH_USER_PATHS = NO;
				CLANG_ANALYZER_NONNULL = YES;
				CLANG_ANALYZER_NUMBER_OBJECT_CONVERSION = YES_AGGRESSIVE;
				CLANG_CXX_LANGUAGE_STANDARD = "gnu++17";
				CLANG_CXX_LIBRARY = "libc++";
				CLANG_ENABLE_MODULES = YES;
				CLANG_ENABLE_OBJC_ARC = YES;
				CLANG_ENABLE_OBJC_WEAK = YES;
				CLANG_WARN_BLOCK_CAPTURE_AUTORELEASING = YES;
				CLANG_WARN_BOOL_CONVERSION = YES;
				CLANG_WARN_COMMA = YES;
				CLANG_WARN_CONSTANT_CONVERSION = YES;
				CLANG_WARN_DEPRECATED_OBJC_IMPLEMENTATIONS = YES;
				CLANG_WARN_DIRECT_OBJC_ISA_USAGE = YES_ERROR;
				CLANG_WARN_DOCUMENTATION_COMMENTS = YES;
				CLANG_WARN_EMPTY_BODY = YES;
				CLANG_WARN_ENUM_CONVERSION = YES;
				CLANG_WARN_INFINITE_RECURSION = YES;
				CLANG_WARN_INT_CONVERSION = YES;
				CLANG_WARN_NON_LITERAL_NULL_CONVERSION = YES;
				CLANG_WARN_OBJC_IMPLICIT_RETAIN_SELF = YES;
				CLANG_WARN_OBJC_LITERAL_CONVERSION = YES;
				CLANG_WARN_OBJC_ROOT_CLASS = YES_ERROR;
				CLANG_WARN_QUOTED_INCLUDE_IN_FRAMEWORK_HEADER = YES;
				CLANG_WARN_RANGE_LOOP_ANALYSIS = YES;
				CLANG_WARN_STRICT_PROTOTYPES = YES;
				CLANG_WARN_SUSPICIOUS_MOVE = YES;
				CLANG_WARN_UNGUARDED_AVAILABILITY = YES_AGGRESSIVE;
				CLANG_WARN_UNREACHABLE_CODE = YES;
				CLANG_WARN__DUPLICATE_METHOD_MATCH = YES;
				COPY_PHASE_STRIP = NO;
				DEBUG_INFORMATION_FORMAT = "dwarf-with-dsym";
				ENABLE_NS_ASSERTIONS = NO;
				ENABLE_STRICT_OBJC_MSGSEND = YES;
				GCC_C_LANGUAGE_STANDARD = gnu11;
				GCC_NO_COMMON_BLOCKS = YES;
				GCC_WARN_64_TO_32_BIT_CONVERSION = YES;
				GCC_WARN_ABOUT_RETURN_TYPE = YES_ERROR;
				GCC_WARN_UNDECLARED_SELECTOR = YES;
				GCC_WARN_UNINITIALIZED_AUTOS = YES_AGGRESSIVE;
				GCC_WARN_UNUSED_FUNCTION = YES;
				GCC_WARN_UNUSED_VARIABLE = YES;
				IPHONEOS_DEPLOYMENT_TARGET = 15.2;
				MTL_ENABLE_DEBUG_INFO = NO;
				MTL_FAST_MATH = YES;
				SDKROOT = iphoneos;
				SWIFT_COMPILATION_MODE = wholemodule;
				SWIFT_OPTIMIZATION_LEVEL = "-O";
				VALIDATE_PRODUCT = YES;
			};
			name = Release;
		};
		CCB9DDF82793371B0005375A /* Debug */ = {
			isa = XCBuildConfiguration;
			buildSettings = {
				ASSETCATALOG_COMPILER_APPICON_NAME = AppIcon;
				ASSETCATALOG_COMPILER_GLOBAL_ACCENT_COLOR_NAME = AccentColor;
				CODE_SIGN_STYLE = Automatic;
				CURRENT_PROJECT_VERSION = 1;
				DEVELOPMENT_ASSET_PATHS = "\"Fruits/Preview Content\"";
				DEVELOPMENT_TEAM = 55DMNY3HQL;
				ENABLE_PREVIEWS = YES;
				GENERATE_INFOPLIST_FILE = YES;
				INFOPLIST_KEY_UIApplicationSceneManifest_Generation = YES;
				INFOPLIST_KEY_UIApplicationSupportsIndirectInputEvents = YES;
				INFOPLIST_KEY_UILaunchScreen_Generation = YES;
				INFOPLIST_KEY_UISupportedInterfaceOrientations = UIInterfaceOrientationPortrait;
				INFOPLIST_KEY_UISupportedInterfaceOrientations_iPad = "UIInterfaceOrientationPortrait UIInterfaceOrientationPortraitUpsideDown UIInterfaceOrientationLandscapeLeft UIInterfaceOrientationLandscapeRight";
				INFOPLIST_KEY_UISupportedInterfaceOrientations_iPhone = "UIInterfaceOrientationPortrait UIInterfaceOrientationLandscapeLeft UIInterfaceOrientationLandscapeRight";
				LD_RUNPATH_SEARCH_PATHS = (
					"$(inherited)",
					"@executable_path/Frameworks",
				);
				MARKETING_VERSION = 1.0;
				PRODUCT_BUNDLE_IDENTIFIER = as.aaron.Fruits;
				PRODUCT_NAME = "$(TARGET_NAME)";
				SWIFT_EMIT_LOC_STRINGS = YES;
				SWIFT_VERSION = 5.0;
				TARGETED_DEVICE_FAMILY = "1,2";
			};
			name = Debug;
		};
		CCB9DDF92793371B0005375A /* Release */ = {
			isa = XCBuildConfiguration;
			buildSettings = {
				ASSETCATALOG_COMPILER_APPICON_NAME = AppIcon;
				ASSETCATALOG_COMPILER_GLOBAL_ACCENT_COLOR_NAME = AccentColor;
				CODE_SIGN_STYLE = Automatic;
				CURRENT_PROJECT_VERSION = 1;
				DEVELOPMENT_ASSET_PATHS = "\"Fruits/Preview Content\"";
				DEVELOPMENT_TEAM = 55DMNY3HQL;
				ENABLE_PREVIEWS = YES;
				GENERATE_INFOPLIST_FILE = YES;
				INFOPLIST_KEY_UIApplicationSceneManifest_Generation = YES;
				INFOPLIST_KEY_UIApplicationSupportsIndirectInputEvents = YES;
				INFOPLIST_KEY_UILaunchScreen_Generation = YES;
				INFOPLIST_KEY_UISupportedInterfaceOrientations = UIInterfaceOrientationPortrait;
				INFOPLIST_KEY_UISupportedInterfaceOrientations_iPad = "UIInterfaceOrientationPortrait UIInterfaceOrientationPortraitUpsideDown UIInterfaceOrientationLandscapeLeft UIInterfaceOrientationLandscapeRight";
				INFOPLIST_KEY_UISupportedInterfaceOrientations_iPhone = "UIInterfaceOrientationPortrait UIInterfaceOrientationLandscapeLeft UIInterfaceOrientationLandscapeRight";
				LD_RUNPATH_SEARCH_PATHS = (
					"$(inherited)",
					"@executable_path/Frameworks",
				);
				MARKETING_VERSION = 1.0;
				PRODUCT_BUNDLE_IDENTIFIER = as.aaron.Fruits;
				PRODUCT_NAME = "$(TARGET_NAME)";
				SWIFT_EMIT_LOC_STRINGS = YES;
				SWIFT_VERSION = 5.0;
				TARGETED_DEVICE_FAMILY = "1,2";
			};
			name = Release;
		};
/* End XCBuildConfiguration section */

/* Begin XCConfigurationList section */
		CCB9DDE4279337190005375A /* Build configuration list for PBXProject "Fruits" */ = {
			isa = XCConfigurationList;
			buildConfigurations = (
				CCB9DDF52793371B0005375A /* Debug */,
				CCB9DDF62793371B0005375A /* Release */,
			);
			defaultConfigurationIsVisible = 0;
			defaultConfigurationName = Release;
		};
		CCB9DDF72793371B0005375A /* Build configuration list for PBXNativeTarget "Fruits" */ = {
			isa = XCConfigurationList;
			buildConfigurations = (
				CCB9DDF82793371B0005375A /* Debug */,
				CCB9DDF92793371B0005375A /* Release */,
			);
			defaultConfigurationIsVisible = 0;
			defaultConfigurationName = Release;
		};
/* End XCConfigurationList section */
	};
	rootObject = CCB9DDE1279337190005375A /* Project object */;
}
