// !$*UTF8*$!
{
	archiveVersion = 1;
	classes = {
	};
	objectVersion = 55;
	objects = {

/* Begin PBXBuildFile section */
		CC74EBAC27A1191A00440B1F /* DevoteApp.swift in Sources */ = {isa = PBXBuildFile; fileRef = CC74EBAB27A1191A00440B1F /* DevoteApp.swift */; };
		CC74EBAE27A1191A00440B1F /* ContentView.swift in Sources */ = {isa = PBXBuildFile; fileRef = CC74EBAD27A1191A00440B1F /* ContentView.swift */; };
		CC74EBB027A1191D00440B1F /* Assets.xcassets in Resources */ = {isa = PBXBuildFile; fileRef = CC74EBAF27A1191D00440B1F /* Assets.xcassets */; };
		CC74EBB327A1191D00440B1F /* Preview Assets.xcassets in Resources */ = {isa = PBXBuildFile; fileRef = CC74EBB227A1191D00440B1F /* Preview Assets.xcassets */; };
		CC74EBB527A1191D00440B1F /* Persistence.swift in Sources */ = {isa = PBXBuildFile; fileRef = CC74EBB427A1191D00440B1F /* Persistence.swift */; };
		CC74EBB827A1191D00440B1F /* Devote.xcdatamodeld in Sources */ = {isa = PBXBuildFile; fileRef = CC74EBB627A1191D00440B1F /* Devote.xcdatamodeld */; };
		CCA7A53227A1BDA5006AB26E /* sound-tap.mp3 in Resources */ = {isa = PBXBuildFile; fileRef = CCA7A52F27A1BDA5006AB26E /* sound-tap.mp3 */; };
		CCA7A53327A1BDA5006AB26E /* sound-ding.mp3 in Resources */ = {isa = PBXBuildFile; fileRef = CCA7A53027A1BDA5006AB26E /* sound-ding.mp3 */; };
		CCA7A53427A1BDA5006AB26E /* sound-rise.mp3 in Resources */ = {isa = PBXBuildFile; fileRef = CCA7A53127A1BDA5006AB26E /* sound-rise.mp3 */; };
		CCB7969B27A1E3F500814733 /* Constant.swift in Sources */ = {isa = PBXBuildFile; fileRef = CCB7969A27A1E3F500814733 /* Constant.swift */; };
		CCB7969D27A1F62800814733 /* HideKeyboardExtension.swift in Sources */ = {isa = PBXBuildFile; fileRef = CCB7969C27A1F62800814733 /* HideKeyboardExtension.swift */; };
		CCB7969F27A1FAE000814733 /* BackgroundImageView.swift in Sources */ = {isa = PBXBuildFile; fileRef = CCB7969E27A1FAE000814733 /* BackgroundImageView.swift */; };
		CCB796A127A1FC7F00814733 /* NewTaskItemView.swift in Sources */ = {isa = PBXBuildFile; fileRef = CCB796A027A1FC7F00814733 /* NewTaskItemView.swift */; };
		CCB796A327A31C5500814733 /* BlankView.swift in Sources */ = {isa = PBXBuildFile; fileRef = CCB796A227A31C5500814733 /* BlankView.swift */; };
		CCB796A527A3217200814733 /* ListRowItemView.swift in Sources */ = {isa = PBXBuildFile; fileRef = CCB796A427A3217200814733 /* ListRowItemView.swift */; };
		CCB796A927A322B900814733 /* CheckboxStyle.swift in Sources */ = {isa = PBXBuildFile; fileRef = CCB796A827A322B900814733 /* CheckboxStyle.swift */; };
/* End PBXBuildFile section */

/* Begin PBXFileReference section */
		CC74EBA827A1191A00440B1F /* Devote.app */ = {isa = PBXFileReference; explicitFileType = wrapper.application; includeInIndex = 0; path = Devote.app; sourceTree = BUILT_PRODUCTS_DIR; };
		CC74EBAB27A1191A00440B1F /* DevoteApp.swift */ = {isa = PBXFileReference; lastKnownFileType = sourcecode.swift; path = DevoteApp.swift; sourceTree = "<group>"; };
		CC74EBAD27A1191A00440B1F /* ContentView.swift */ = {isa = PBXFileReference; lastKnownFileType = sourcecode.swift; path = ContentView.swift; sourceTree = "<group>"; };
		CC74EBAF27A1191D00440B1F /* Assets.xcassets */ = {isa = PBXFileReference; lastKnownFileType = folder.assetcatalog; path = Assets.xcassets; sourceTree = "<group>"; };
		CC74EBB227A1191D00440B1F /* Preview Assets.xcassets */ = {isa = PBXFileReference; lastKnownFileType = folder.assetcatalog; path = "Preview Assets.xcassets"; sourceTree = "<group>"; };
		CC74EBB427A1191D00440B1F /* Persistence.swift */ = {isa = PBXFileReference; lastKnownFileType = sourcecode.swift; path = Persistence.swift; sourceTree = "<group>"; };
		CC74EBB727A1191D00440B1F /* Devote.xcdatamodel */ = {isa = PBXFileReference; lastKnownFileType = wrapper.xcdatamodel; path = Devote.xcdatamodel; sourceTree = "<group>"; };
		CCA7A52F27A1BDA5006AB26E /* sound-tap.mp3 */ = {isa = PBXFileReference; lastKnownFileType = audio.mp3; path = "sound-tap.mp3"; sourceTree = "<group>"; };
		CCA7A53027A1BDA5006AB26E /* sound-ding.mp3 */ = {isa = PBXFileReference; lastKnownFileType = audio.mp3; path = "sound-ding.mp3"; sourceTree = "<group>"; };
		CCA7A53127A1BDA5006AB26E /* sound-rise.mp3 */ = {isa = PBXFileReference; lastKnownFileType = audio.mp3; path = "sound-rise.mp3"; sourceTree = "<group>"; };
		CCA7A53927A1BE82006AB26E /* Info.plist */ = {isa = PBXFileReference; lastKnownFileType = text.plist; path = Info.plist; sourceTree = "<group>"; };
		CCB7969A27A1E3F500814733 /* Constant.swift */ = {isa = PBXFileReference; lastKnownFileType = sourcecode.swift; path = Constant.swift; sourceTree = "<group>"; };
		CCB7969C27A1F62800814733 /* HideKeyboardExtension.swift */ = {isa = PBXFileReference; lastKnownFileType = sourcecode.swift; path = HideKeyboardExtension.swift; sourceTree = "<group>"; };
		CCB7969E27A1FAE000814733 /* BackgroundImageView.swift */ = {isa = PBXFileReference; lastKnownFileType = sourcecode.swift; path = BackgroundImageView.swift; sourceTree = "<group>"; };
		CCB796A027A1FC7F00814733 /* NewTaskItemView.swift */ = {isa = PBXFileReference; lastKnownFileType = sourcecode.swift; path = NewTaskItemView.swift; sourceTree = "<group>"; };
		CCB796A227A31C5500814733 /* BlankView.swift */ = {isa = PBXFileReference; lastKnownFileType = sourcecode.swift; path = BlankView.swift; sourceTree = "<group>"; };
		CCB796A427A3217200814733 /* ListRowItemView.swift */ = {isa = PBXFileReference; lastKnownFileType = sourcecode.swift; path = ListRowItemView.swift; sourceTree = "<group>"; };
		CCB796A827A322B900814733 /* CheckboxStyle.swift */ = {isa = PBXFileReference; lastKnownFileType = sourcecode.swift; path = CheckboxStyle.swift; sourceTree = "<group>"; };
/* End PBXFileReference section */

/* Begin PBXFrameworksBuildPhase section */
		CC74EBA527A1191A00440B1F /* Frameworks */ = {
			isa = PBXFrameworksBuildPhase;
			buildActionMask = 2147483647;
			files = (
			);
			runOnlyForDeploymentPostprocessing = 0;
		};
/* End PBXFrameworksBuildPhase section */

/* Begin PBXGroup section */
		CC74EB9F27A1191A00440B1F = {
			isa = PBXGroup;
			children = (
				CC74EBAA27A1191A00440B1F /* Devote */,
				CC74EBA927A1191A00440B1F /* Products */,
			);
			sourceTree = "<group>";
		};
		CC74EBA927A1191A00440B1F /* Products */ = {
			isa = PBXGroup;
			children = (
				CC74EBA827A1191A00440B1F /* Devote.app */,
			);
			name = Products;
			sourceTree = "<group>";
		};
		CC74EBAA27A1191A00440B1F /* Devote */ = {
			isa = PBXGroup;
			children = (
				CCA7A53927A1BE82006AB26E /* Info.plist */,
				CC74EBAB27A1191A00440B1F /* DevoteApp.swift */,
				CCA7A53827A1BE07006AB26E /* Model */,
				CCA7A53527A1BDF4006AB26E /* View */,
				CCB796A627A322A700814733 /* Style */,
				CCA7A53727A1BE02006AB26E /* Utility */,
				CCA7A53627A1BDFB006AB26E /* Extension */,
				CCA7A52E27A1BD97006AB26E /* Sound */,
				CC74EBAF27A1191D00440B1F /* Assets.xcassets */,
				CC74EBB127A1191D00440B1F /* Preview Content */,
			);
			path = Devote;
			sourceTree = "<group>";
		};
		CC74EBB127A1191D00440B1F /* Preview Content */ = {
			isa = PBXGroup;
			children = (
				CC74EBB227A1191D00440B1F /* Preview Assets.xcassets */,
			);
			path = "Preview Content";
			sourceTree = "<group>";
		};
		CCA7A52E27A1BD97006AB26E /* Sound */ = {
			isa = PBXGroup;
			children = (
				CCA7A53027A1BDA5006AB26E /* sound-ding.mp3 */,
				CCA7A53127A1BDA5006AB26E /* sound-rise.mp3 */,
				CCA7A52F27A1BDA5006AB26E /* sound-tap.mp3 */,
			);
			path = Sound;
			sourceTree = "<group>";
		};
		CCA7A53527A1BDF4006AB26E /* View */ = {
			isa = PBXGroup;
			children = (
				CC74EBAD27A1191A00440B1F /* ContentView.swift */,
				CCB7969E27A1FAE000814733 /* BackgroundImageView.swift */,
				CCB796A027A1FC7F00814733 /* NewTaskItemView.swift */,
				CCB796A227A31C5500814733 /* BlankView.swift */,
				CCB796A427A3217200814733 /* ListRowItemView.swift */,
			);
			path = View;
			sourceTree = "<group>";
		};
		CCA7A53627A1BDFB006AB26E /* Extension */ = {
			isa = PBXGroup;
			children = (
				CCB7969C27A1F62800814733 /* HideKeyboardExtension.swift */,
			);
			path = Extension;
			sourceTree = "<group>";
		};
		CCA7A53727A1BE02006AB26E /* Utility */ = {
			isa = PBXGroup;
			children = (
				CCB7969A27A1E3F500814733 /* Constant.swift */,
			);
			path = Utility;
			sourceTree = "<group>";
		};
		CCA7A53827A1BE07006AB26E /* Model */ = {
			isa = PBXGroup;
			children = (
				CC74EBB427A1191D00440B1F /* Persistence.swift */,
				CC74EBB627A1191D00440B1F /* Devote.xcdatamodeld */,
			);
			path = Model;
			sourceTree = "<group>";
		};
		CCB796A627A322A700814733 /* Style */ = {
			isa = PBXGroup;
			children = (
				CCB796A827A322B900814733 /* CheckboxStyle.swift */,
			);
			path = Style;
			sourceTree = "<group>";
		};
/* End PBXGroup section */

/* Begin PBXNativeTarget section */
		CC74EBA727A1191A00440B1F /* Devote */ = {
			isa = PBXNativeTarget;
			buildConfigurationList = CC74EBBB27A1191D00440B1F /* Build configuration list for PBXNativeTarget "Devote" */;
			buildPhases = (
				CC74EBA427A1191A00440B1F /* Sources */,
				CC74EBA527A1191A00440B1F /* Frameworks */,
				CC74EBA627A1191A00440B1F /* Resources */,
			);
			buildRules = (
			);
			dependencies = (
			);
			name = Devote;
			productName = Devote;
			productReference = CC74EBA827A1191A00440B1F /* Devote.app */;
			productType = "com.apple.product-type.application";
		};
/* End PBXNativeTarget section */

/* Begin PBXProject section */
		CC74EBA027A1191A00440B1F /* Project object */ = {
			isa = PBXProject;
			attributes = {
				BuildIndependentTargetsInParallel = 1;
				LastSwiftUpdateCheck = 1320;
				LastUpgradeCheck = 1320;
				TargetAttributes = {
					CC74EBA727A1191A00440B1F = {
						CreatedOnToolsVersion = 13.2.1;
					};
				};
			};
			buildConfigurationList = CC74EBA327A1191A00440B1F /* Build configuration list for PBXProject "Devote" */;
			compatibilityVersion = "Xcode 13.0";
			developmentRegion = en;
			hasScannedForEncodings = 0;
			knownRegions = (
				en,
				Base,
			);
			mainGroup = CC74EB9F27A1191A00440B1F;
			productRefGroup = CC74EBA927A1191A00440B1F /* Products */;
			projectDirPath = "";
			projectRoot = "";
			targets = (
				CC74EBA727A1191A00440B1F /* Devote */,
			);
		};
/* End PBXProject section */

/* Begin PBXResourcesBuildPhase section */
		CC74EBA627A1191A00440B1F /* Resources */ = {
			isa = PBXResourcesBuildPhase;
			buildActionMask = 2147483647;
			files = (
				CCA7A53427A1BDA5006AB26E /* sound-rise.mp3 in Resources */,
				CCA7A53327A1BDA5006AB26E /* sound-ding.mp3 in Resources */,
				CCA7A53227A1BDA5006AB26E /* sound-tap.mp3 in Resources */,
				CC74EBB327A1191D00440B1F /* Preview Assets.xcassets in Resources */,
				CC74EBB027A1191D00440B1F /* Assets.xcassets in Resources */,
			);
			runOnlyForDeploymentPostprocessing = 0;
		};
/* End PBXResourcesBuildPhase section */

/* Begin PBXSourcesBuildPhase section */
		CC74EBA427A1191A00440B1F /* Sources */ = {
			isa = PBXSourcesBuildPhase;
			buildActionMask = 2147483647;
			files = (
				CCB7969B27A1E3F500814733 /* Constant.swift in Sources */,
				CCB7969F27A1FAE000814733 /* BackgroundImageView.swift in Sources */,
				CC74EBB527A1191D00440B1F /* Persistence.swift in Sources */,
				CCB7969D27A1F62800814733 /* HideKeyboardExtension.swift in Sources */,
				CCB796A327A31C5500814733 /* BlankView.swift in Sources */,
				CC74EBAE27A1191A00440B1F /* ContentView.swift in Sources */,
				CCB796A527A3217200814733 /* ListRowItemView.swift in Sources */,
				CC74EBB827A1191D00440B1F /* Devote.xcdatamodeld in Sources */,
				CC74EBAC27A1191A00440B1F /* DevoteApp.swift in Sources */,
				CCB796A927A322B900814733 /* CheckboxStyle.swift in Sources */,
				CCB796A127A1FC7F00814733 /* NewTaskItemView.swift in Sources */,
			);
			runOnlyForDeploymentPostprocessing = 0;
		};
/* End PBXSourcesBuildPhase section */

/* Begin XCBuildConfiguration section */
		CC74EBB927A1191D00440B1F /* Debug */ = {
			isa = XCBuildConfiguration;
			buildSettings = {
				ALWAYS_SEARCH_USER_PATHS = NO;
				CLANG_ANALYZER_NONNULL = YES;
				CLANG_ANALYZER_NUMBER_OBJECT_CONVERSION = YES_AGGRESSIVE;
				CLANG_CXX_LANGUAGE_STANDARD = "gnu++17";
				CLANG_CXX_LIBRARY = "libc++";
				CLANG_ENABLE_MODULES = YES;
				CLANG_ENABLE_OBJC_ARC = YES;
				CLANG_ENABLE_OBJC_WEAK = YES;
				CLANG_WARN_BLOCK_CAPTURE_AUTORELEASING = YES;
				CLANG_WARN_BOOL_CONVERSION = YES;
				CLANG_WARN_COMMA = YES;
				CLANG_WARN_CONSTANT_CONVERSION = YES;
				CLANG_WARN_DEPRECATED_OBJC_IMPLEMENTATIONS = YES;
				CLANG_WARN_DIRECT_OBJC_ISA_USAGE = YES_ERROR;
				CLANG_WARN_DOCUMENTATION_COMMENTS = YES;
				CLANG_WARN_EMPTY_BODY = YES;
				CLANG_WARN_ENUM_CONVERSION = YES;
				CLANG_WARN_INFINITE_RECURSION = YES;
				CLANG_WARN_INT_CONVERSION = YES;
				CLANG_WARN_NON_LITERAL_NULL_CONVERSION = YES;
				CLANG_WARN_OBJC_IMPLICIT_RETAIN_SELF = YES;
				CLANG_WARN_OBJC_LITERAL_CONVERSION = YES;
				CLANG_WARN_OBJC_ROOT_CLASS = YES_ERROR;
				CLANG_WARN_QUOTED_INCLUDE_IN_FRAMEWORK_HEADER = YES;
				CLANG_WARN_RANGE_LOOP_ANALYSIS = YES;
				CLANG_WARN_STRICT_PROTOTYPES = YES;
				CLANG_WARN_SUSPICIOUS_MOVE = YES;
				CLANG_WARN_UNGUARDED_AVAILABILITY = YES_AGGRESSIVE;
				CLANG_WARN_UNREACHABLE_CODE = YES;
				CLANG_WARN__DUPLICATE_METHOD_MATCH = YES;
				COPY_PHASE_STRIP = NO;
				DEBUG_INFORMATION_FORMAT = dwarf;
				ENABLE_STRICT_OBJC_MSGSEND = YES;
				ENABLE_TESTABILITY = YES;
				GCC_C_LANGUAGE_STANDARD = gnu11;
				GCC_DYNAMIC_NO_PIC = NO;
				GCC_NO_COMMON_BLOCKS = YES;
				GCC_OPTIMIZATION_LEVEL = 0;
				GCC_PREPROCESSOR_DEFINITIONS = (
					"DEBUG=1",
					"$(inherited)",
				);
				GCC_WARN_64_TO_32_BIT_CONVERSION = YES;
				GCC_WARN_ABOUT_RETURN_TYPE = YES_ERROR;
				GCC_WARN_UNDECLARED_SELECTOR = YES;
				GCC_WARN_UNINITIALIZED_AUTOS = YES_AGGRESSIVE;
				GCC_WARN_UNUSED_FUNCTION = YES;
				GCC_WARN_UNUSED_VARIABLE = YES;
				IPHONEOS_DEPLOYMENT_TARGET = 15.2;
				MTL_ENABLE_DEBUG_INFO = INCLUDE_SOURCE;
				MTL_FAST_MATH = YES;
				ONLY_ACTIVE_ARCH = YES;
				SDKROOT = iphoneos;
				SWIFT_ACTIVE_COMPILATION_CONDITIONS = DEBUG;
				SWIFT_OPTIMIZATION_LEVEL = "-Onone";
			};
			name = Debug;
		};
		CC74EBBA27A1191D00440B1F /* Release */ = {
			isa = XCBuildConfiguration;
			buildSettings = {
				ALWAYS_SEARCH_USER_PATHS = NO;
				CLANG_ANALYZER_NONNULL = YES;
				CLANG_ANALYZER_NUMBER_OBJECT_CONVERSION = YES_AGGRESSIVE;
				CLANG_CXX_LANGUAGE_STANDARD = "gnu++17";
				CLANG_CXX_LIBRARY = "libc++";
				CLANG_ENABLE_MODULES = YES;
				CLANG_ENABLE_OBJC_ARC = YES;
				CLANG_ENABLE_OBJC_WEAK = YES;
				CLANG_WARN_BLOCK_CAPTURE_AUTORELEASING = YES;
				CLANG_WARN_BOOL_CONVERSION = YES;
				CLANG_WARN_COMMA = YES;
				CLANG_WARN_CONSTANT_CONVERSION = YES;
				CLANG_WARN_DEPRECATED_OBJC_IMPLEMENTATIONS = YES;
				CLANG_WARN_DIRECT_OBJC_ISA_USAGE = YES_ERROR;
				CLANG_WARN_DOCUMENTATION_COMMENTS = YES;
				CLANG_WARN_EMPTY_BODY = YES;
				CLANG_WARN_ENUM_CONVERSION = YES;
				CLANG_WARN_INFINITE_RECURSION = YES;
				CLANG_WARN_INT_CONVERSION = YES;
				CLANG_WARN_NON_LITERAL_NULL_CONVERSION = YES;
				CLANG_WARN_OBJC_IMPLICIT_RETAIN_SELF = YES;
				CLANG_WARN_OBJC_LITERAL_CONVERSION = YES;
				CLANG_WARN_OBJC_ROOT_CLASS = YES_ERROR;
				CLANG_WARN_QUOTED_INCLUDE_IN_FRAMEWORK_HEADER = YES;
				CLANG_WARN_RANGE_LOOP_ANALYSIS = YES;
				CLANG_WARN_STRICT_PROTOTYPES = YES;
				CLANG_WARN_SUSPICIOUS_MOVE = YES;
				CLANG_WARN_UNGUARDED_AVAILABILITY = YES_AGGRESSIVE;
				CLANG_WARN_UNREACHABLE_CODE = YES;
				CLANG_WARN__DUPLICATE_METHOD_MATCH = YES;
				COPY_PHASE_STRIP = NO;
				DEBUG_INFORMATION_FORMAT = "dwarf-with-dsym";
				ENABLE_NS_ASSERTIONS = NO;
				ENABLE_STRICT_OBJC_MSGSEND = YES;
				GCC_C_LANGUAGE_STANDARD = gnu11;
				GCC_NO_COMMON_BLOCKS = YES;
				GCC_WARN_64_TO_32_BIT_CONVERSION = YES;
				GCC_WARN_ABOUT_RETURN_TYPE = YES_ERROR;
				GCC_WARN_UNDECLARED_SELECTOR = YES;
				GCC_WARN_UNINITIALIZED_AUTOS = YES_AGGRESSIVE;
				GCC_WARN_UNUSED_FUNCTION = YES;
				GCC_WARN_UNUSED_VARIABLE = YES;
				IPHONEOS_DEPLOYMENT_TARGET = 15.2;
				MTL_ENABLE_DEBUG_INFO = NO;
				MTL_FAST_MATH = YES;
				SDKROOT = iphoneos;
				SWIFT_COMPILATION_MODE = wholemodule;
				SWIFT_OPTIMIZATION_LEVEL = "-O";
				VALIDATE_PRODUCT = YES;
			};
			name = Release;
		};
		CC74EBBC27A1191D00440B1F /* Debug */ = {
			isa = XCBuildConfiguration;
			buildSettings = {
				ASSETCATALOG_COMPILER_APPICON_NAME = AppIcon;
				ASSETCATALOG_COMPILER_GLOBAL_ACCENT_COLOR_NAME = AccentColor;
				CODE_SIGN_STYLE = Automatic;
				CURRENT_PROJECT_VERSION = 1;
				DEVELOPMENT_ASSET_PATHS = "\"Devote/Preview Content\"";
				DEVELOPMENT_TEAM = 55DMNY3HQL;
				ENABLE_PREVIEWS = YES;
				GENERATE_INFOPLIST_FILE = YES;
				INFOPLIST_FILE = Devote/Info.plist;
				INFOPLIST_KEY_UIApplicationSceneManifest_Generation = YES;
				INFOPLIST_KEY_UIApplicationSupportsIndirectInputEvents = YES;
				INFOPLIST_KEY_UISupportedInterfaceOrientations = UIInterfaceOrientationPortrait;
				INFOPLIST_KEY_UISupportedInterfaceOrientations_iPad = "UIInterfaceOrientationPortrait UIInterfaceOrientationPortraitUpsideDown UIInterfaceOrientationLandscapeLeft UIInterfaceOrientationLandscapeRight";
				INFOPLIST_KEY_UISupportedInterfaceOrientations_iPhone = "UIInterfaceOrientationPortrait UIInterfaceOrientationLandscapeLeft UIInterfaceOrientationLandscapeRight";
				LD_RUNPATH_SEARCH_PATHS = (
					"$(inherited)",
					"@executable_path/Frameworks",
				);
				MARKETING_VERSION = 1.0;
				PRODUCT_BUNDLE_IDENTIFIER = as.aaron.Devote;
				PRODUCT_NAME = "$(TARGET_NAME)";
				SWIFT_EMIT_LOC_STRINGS = YES;
				SWIFT_VERSION = 5.0;
				TARGETED_DEVICE_FAMILY = "1,2";
			};
			name = Debug;
		};
		CC74EBBD27A1191D00440B1F /* Release */ = {
			isa = XCBuildConfiguration;
			buildSettings = {
				ASSETCATALOG_COMPILER_APPICON_NAME = AppIcon;
				ASSETCATALOG_COMPILER_GLOBAL_ACCENT_COLOR_NAME = AccentColor;
				CODE_SIGN_STYLE = Automatic;
				CURRENT_PROJECT_VERSION = 1;
				DEVELOPMENT_ASSET_PATHS = "\"Devote/Preview Content\"";
				DEVELOPMENT_TEAM = 55DMNY3HQL;
				ENABLE_PREVIEWS = YES;
				GENERATE_INFOPLIST_FILE = YES;
				INFOPLIST_FILE = Devote/Info.plist;
				INFOPLIST_KEY_UIApplicationSceneManifest_Generation = YES;
				INFOPLIST_KEY_UIApplicationSupportsIndirectInputEvents = YES;
				INFOPLIST_KEY_UISupportedInterfaceOrientations = UIInterfaceOrientationPortrait;
				INFOPLIST_KEY_UISupportedInterfaceOrientations_iPad = "UIInterfaceOrientationPortrait UIInterfaceOrientationPortraitUpsideDown UIInterfaceOrientationLandscapeLeft UIInterfaceOrientationLandscapeRight";
				INFOPLIST_KEY_UISupportedInterfaceOrientations_iPhone = "UIInterfaceOrientationPortrait UIInterfaceOrientationLandscapeLeft UIInterfaceOrientationLandscapeRight";
				LD_RUNPATH_SEARCH_PATHS = (
					"$(inherited)",
					"@executable_path/Frameworks",
				);
				MARKETING_VERSION = 1.0;
				PRODUCT_BUNDLE_IDENTIFIER = as.aaron.Devote;
				PRODUCT_NAME = "$(TARGET_NAME)";
				SWIFT_EMIT_LOC_STRINGS = YES;
				SWIFT_VERSION = 5.0;
				TARGETED_DEVICE_FAMILY = "1,2";
			};
			name = Release;
		};
/* End XCBuildConfiguration section */

/* Begin XCConfigurationList section */
		CC74EBA327A1191A00440B1F /* Build configuration list for PBXProject "Devote" */ = {
			isa = XCConfigurationList;
			buildConfigurations = (
				CC74EBB927A1191D00440B1F /* Debug */,
				CC74EBBA27A1191D00440B1F /* Release */,
			);
			defaultConfigurationIsVisible = 0;
			defaultConfigurationName = Release;
		};
		CC74EBBB27A1191D00440B1F /* Build configuration list for PBXNativeTarget "Devote" */ = {
			isa = XCConfigurationList;
			buildConfigurations = (
				CC74EBBC27A1191D00440B1F /* Debug */,
				CC74EBBD27A1191D00440B1F /* Release */,
			);
			defaultConfigurationIsVisible = 0;
			defaultConfigurationName = Release;
		};
/* End XCConfigurationList section */

/* Begin XCVersionGroup section */
		CC74EBB627A1191D00440B1F /* Devote.xcdatamodeld */ = {
			isa = XCVersionGroup;
			children = (
				CC74EBB727A1191D00440B1F /* Devote.xcdatamodel */,
			);
			currentVersion = CC74EBB727A1191D00440B1F /* Devote.xcdatamodel */;
			path = Devote.xcdatamodeld;
			sourceTree = "<group>";
			versionGroupType = wrapper.xcdatamodel;
		};
/* End XCVersionGroup section */
	};
	rootObject = CC74EBA027A1191A00440B1F /* Project object */;
}
